// !$*UTF8*$!
{
	archiveVersion = 1;
	classes = {
	};
	objectVersion = 46;
	objects = {

/* Begin PBXBuildFile section */
		AD35C05C18BDDDEE00D87537 /* obstacle.png in Copy Files */ = {isa = PBXBuildFile; fileRef = AD35C05B18BDDCB000D87537 /* obstacle.png */; };
		AD35C06118BDDF2200D87537 /* bum.png in Copy Files */ = {isa = PBXBuildFile; fileRef = AD35C06018BDDF1C00D87537 /* bum.png */; };
		AD99E48718C450C9000351DB /* clips_controller.cpp in Sources */ = {isa = PBXBuildFile; fileRef = AD99E48518C450C9000351DB /* clips_controller.cpp */; };
		ADB9EAF818BA9854008465B5 /* mac.1 in Copy Files */ = {isa = PBXBuildFile; fileRef = ADB9EAF718BA9854008465B5 /* mac.1 */; };
		ADB9EB0318BA9870008465B5 /* bum.cpp in Sources */ = {isa = PBXBuildFile; fileRef = ADB9EAFF18BA9870008465B5 /* bum.cpp */; };
		ADB9EB0418BA9870008465B5 /* camera.cpp in Sources */ = {isa = PBXBuildFile; fileRef = ADB9EB0018BA9870008465B5 /* camera.cpp */; };
		ADB9EB0618BA9870008465B5 /* sdl_wrapper.cpp in Sources */ = {isa = PBXBuildFile; fileRef = ADB9EB0218BA9870008465B5 /* sdl_wrapper.cpp */; };
		ADB9EB0F18BA99B1008465B5 /* main.cpp in Sources */ = {isa = PBXBuildFile; fileRef = ADB9EB0D18BA99B1008465B5 /* main.cpp */; };
		ADD6A47B18BAB4E1008438C4 /* actor.cpp in Sources */ = {isa = PBXBuildFile; fileRef = ADD6A47918BAB4E1008438C4 /* actor.cpp */; };
		ADD6A48118BAC4DC008438C4 /* spelling_bum.cpp in Sources */ = {isa = PBXBuildFile; fileRef = ADD6A47F18BAC4DC008438C4 /* spelling_bum.cpp */; };
		ADD6A48218BAC4DC008438C4 /* wrapper_factory.cpp in Sources */ = {isa = PBXBuildFile; fileRef = ADD6A48018BAC4DC008438C4 /* wrapper_factory.cpp */; };
		ADD6A48718BAC5C3008438C4 /* input_handler.cpp in Sources */ = {isa = PBXBuildFile; fileRef = ADD6A48518BAC5C3008438C4 /* input_handler.cpp */; };
		ADD6A48B18BAC799008438C4 /* obstacle_handler.cpp in Sources */ = {isa = PBXBuildFile; fileRef = ADD6A48918BAC799008438C4 /* obstacle_handler.cpp */; };
		ADD6A48E18BAC7A9008438C4 /* collectible_handler.cpp in Sources */ = {isa = PBXBuildFile; fileRef = ADD6A48C18BAC7A9008438C4 /* collectible_handler.cpp */; };
		ADD6A49118BAC7B8008438C4 /* score_board.cpp in Sources */ = {isa = PBXBuildFile; fileRef = ADD6A48F18BAC7B8008438C4 /* score_board.cpp */; };
		ADD6A49718BAC8D6008438C4 /* obstacle.cpp in Sources */ = {isa = PBXBuildFile; fileRef = ADD6A49518BAC8D6008438C4 /* obstacle.cpp */; };
		ADD6A49A18BAC8E8008438C4 /* collectible.cpp in Sources */ = {isa = PBXBuildFile; fileRef = ADD6A49818BAC8E8008438C4 /* collectible.cpp */; };
		ADD6A49F18BACE39008438C4 /* collision_handler.cpp in Sources */ = {isa = PBXBuildFile; fileRef = ADD6A49D18BACE39008438C4 /* collision_handler.cpp */; };
		ADD6A4A418BAD8EF008438C4 /* stage.cpp in Sources */ = {isa = PBXBuildFile; fileRef = ADD6A4A218BAD8EF008438C4 /* stage.cpp */; };
		ADD6A4A818BAE3C2008438C4 /* rectangle.cpp in Sources */ = {isa = PBXBuildFile; fileRef = ADD6A4A618BAE3C2008438C4 /* rectangle.cpp */; };
		ADD6A56C18BB0531008438C4 /* SDL2.framework in Frameworks */ = {isa = PBXBuildFile; fileRef = ADD6A56B18BB0531008438C4 /* SDL2.framework */; };
		ADD6A57018BB22E0008438C4 /* event.cpp in Sources */ = {isa = PBXBuildFile; fileRef = ADD6A56E18BB22E0008438C4 /* event.cpp */; };
		ADD6A57418BC7D36008438C4 /* event_dispatcher.cpp in Sources */ = {isa = PBXBuildFile; fileRef = ADD6A57318BC7D36008438C4 /* event_dispatcher.cpp */; };
		ADD6A57A18BD8999008438C4 /* renderable.cpp in Sources */ = {isa = PBXBuildFile; fileRef = ADD6A57818BD8999008438C4 /* renderable.cpp */; };
		ADD6A58018BD8B0B008438C4 /* sprite.cpp in Sources */ = {isa = PBXBuildFile; fileRef = ADD6A57E18BD8B0B008438C4 /* sprite.cpp */; };
		ADD6A58418BD8F0D008438C4 /* SDL2_image.framework in Frameworks */ = {isa = PBXBuildFile; fileRef = ADD6A58318BD8F0D008438C4 /* SDL2_image.framework */; };
/* End PBXBuildFile section */

/* Begin PBXCopyFilesBuildPhase section */
		ADB9EAF018BA9854008465B5 /* Copy Files */ = {
			isa = PBXCopyFilesBuildPhase;
			buildActionMask = 12;
			dstPath = assets;
			dstSubfolderSpec = 7;
			files = (
				AD35C06118BDDF2200D87537 /* bum.png in Copy Files */,
				AD35C05C18BDDDEE00D87537 /* obstacle.png in Copy Files */,
				ADB9EAF818BA9854008465B5 /* mac.1 in Copy Files */,
			);
			name = "Copy Files";
			runOnlyForDeploymentPostprocessing = 0;
		};
/* End PBXCopyFilesBuildPhase section */

/* Begin PBXFileReference section */
		AD35C05B18BDDCB000D87537 /* obstacle.png */ = {isa = PBXFileReference; lastKnownFileType = image.png; path = obstacle.png; sourceTree = "<group>"; };
		AD35C06018BDDF1C00D87537 /* bum.png */ = {isa = PBXFileReference; lastKnownFileType = image.png; path = bum.png; sourceTree = "<group>"; };
		AD99E48318C450BF000351DB /* clips_controller.h */ = {isa = PBXFileReference; fileEncoding = 4; lastKnownFileType = sourcecode.c.h; path = clips_controller.h; sourceTree = "<group>"; };
		AD99E48518C450C9000351DB /* clips_controller.cpp */ = {isa = PBXFileReference; fileEncoding = 4; lastKnownFileType = sourcecode.cpp.cpp; path = clips_controller.cpp; sourceTree = "<group>"; };
		ADB9EAF218BA9854008465B5 /* mac */ = {isa = PBXFileReference; explicitFileType = "compiled.mach-o.executable"; includeInIndex = 0; path = mac; sourceTree = BUILT_PRODUCTS_DIR; };
		ADB9EAF718BA9854008465B5 /* mac.1 */ = {isa = PBXFileReference; lastKnownFileType = text.man; path = mac.1; sourceTree = "<group>"; };
		ADB9EAFF18BA9870008465B5 /* bum.cpp */ = {isa = PBXFileReference; fileEncoding = 4; lastKnownFileType = sourcecode.cpp.cpp; path = bum.cpp; sourceTree = "<group>"; };
		ADB9EB0018BA9870008465B5 /* camera.cpp */ = {isa = PBXFileReference; fileEncoding = 4; lastKnownFileType = sourcecode.cpp.cpp; path = camera.cpp; sourceTree = "<group>"; };
		ADB9EB0218BA9870008465B5 /* sdl_wrapper.cpp */ = {isa = PBXFileReference; fileEncoding = 4; lastKnownFileType = sourcecode.cpp.cpp; path = sdl_wrapper.cpp; sourceTree = "<group>"; };
		ADB9EB0818BA9975008465B5 /* actor.h */ = {isa = PBXFileReference; fileEncoding = 4; lastKnownFileType = sourcecode.c.h; path = actor.h; sourceTree = "<group>"; };
		ADB9EB0918BA9975008465B5 /* bum.h */ = {isa = PBXFileReference; fileEncoding = 4; lastKnownFileType = sourcecode.c.h; path = bum.h; sourceTree = "<group>"; };
		ADB9EB0A18BA9975008465B5 /* camera.h */ = {isa = PBXFileReference; fileEncoding = 4; lastKnownFileType = sourcecode.c.h; path = camera.h; sourceTree = "<group>"; };
		ADB9EB0B18BA9975008465B5 /* game.h */ = {isa = PBXFileReference; fileEncoding = 4; lastKnownFileType = sourcecode.c.h; path = game.h; sourceTree = "<group>"; };
		ADB9EB0C18BA9975008465B5 /* sdl_wrapper.h */ = {isa = PBXFileReference; fileEncoding = 4; lastKnownFileType = sourcecode.c.h; path = sdl_wrapper.h; sourceTree = "<group>"; };
		ADB9EB0D18BA99B1008465B5 /* main.cpp */ = {isa = PBXFileReference; fileEncoding = 4; lastKnownFileType = sourcecode.cpp.cpp; path = main.cpp; sourceTree = "<group>"; };
		ADB9EB1118BA9DE5008465B5 /* spelling_bum.h */ = {isa = PBXFileReference; fileEncoding = 4; lastKnownFileType = sourcecode.c.h; path = spelling_bum.h; sourceTree = "<group>"; };
		ADB9EB1418BAA5BC008465B5 /* wrapper_factory.h */ = {isa = PBXFileReference; fileEncoding = 4; lastKnownFileType = sourcecode.c.h; path = wrapper_factory.h; sourceTree = "<group>"; };
		ADB9EB1718BAA67A008465B5 /* lib_wrapper.h */ = {isa = PBXFileReference; fileEncoding = 4; lastKnownFileType = sourcecode.c.h; path = lib_wrapper.h; sourceTree = "<group>"; };
		ADD6A47818BAB30D008438C4 /* game_config.h */ = {isa = PBXFileReference; lastKnownFileType = sourcecode.c.h; path = game_config.h; sourceTree = "<group>"; };
		ADD6A47918BAB4E1008438C4 /* actor.cpp */ = {isa = PBXFileReference; fileEncoding = 4; lastKnownFileType = sourcecode.cpp.cpp; path = actor.cpp; sourceTree = "<group>"; };
		ADD6A47F18BAC4DC008438C4 /* spelling_bum.cpp */ = {isa = PBXFileReference; fileEncoding = 4; lastKnownFileType = sourcecode.cpp.cpp; path = spelling_bum.cpp; sourceTree = "<group>"; };
		ADD6A48018BAC4DC008438C4 /* wrapper_factory.cpp */ = {isa = PBXFileReference; fileEncoding = 4; lastKnownFileType = sourcecode.cpp.cpp; path = wrapper_factory.cpp; sourceTree = "<group>"; };
		ADD6A48518BAC5C3008438C4 /* input_handler.cpp */ = {isa = PBXFileReference; fileEncoding = 4; lastKnownFileType = sourcecode.cpp.cpp; path = input_handler.cpp; sourceTree = "<group>"; };
		ADD6A48818BAC5F4008438C4 /* input_handler.h */ = {isa = PBXFileReference; fileEncoding = 4; lastKnownFileType = sourcecode.c.h; path = input_handler.h; sourceTree = "<group>"; };
		ADD6A48918BAC799008438C4 /* obstacle_handler.cpp */ = {isa = PBXFileReference; fileEncoding = 4; lastKnownFileType = sourcecode.cpp.cpp; path = obstacle_handler.cpp; sourceTree = "<group>"; };
		ADD6A48C18BAC7A9008438C4 /* collectible_handler.cpp */ = {isa = PBXFileReference; fileEncoding = 4; lastKnownFileType = sourcecode.cpp.cpp; path = collectible_handler.cpp; sourceTree = "<group>"; };
		ADD6A48F18BAC7B8008438C4 /* score_board.cpp */ = {isa = PBXFileReference; fileEncoding = 4; lastKnownFileType = sourcecode.cpp.cpp; path = score_board.cpp; sourceTree = "<group>"; };
		ADD6A49218BAC7DF008438C4 /* collectible_handler.h */ = {isa = PBXFileReference; fileEncoding = 4; lastKnownFileType = sourcecode.c.h; path = collectible_handler.h; sourceTree = "<group>"; };
		ADD6A49318BAC7DF008438C4 /* obstacle_handler.h */ = {isa = PBXFileReference; fileEncoding = 4; lastKnownFileType = sourcecode.c.h; path = obstacle_handler.h; sourceTree = "<group>"; };
		ADD6A49418BAC7DF008438C4 /* score_board.h */ = {isa = PBXFileReference; fileEncoding = 4; lastKnownFileType = sourcecode.c.h; path = score_board.h; sourceTree = "<group>"; };
		ADD6A49518BAC8D6008438C4 /* obstacle.cpp */ = {isa = PBXFileReference; fileEncoding = 4; lastKnownFileType = sourcecode.cpp.cpp; path = obstacle.cpp; sourceTree = "<group>"; };
		ADD6A49818BAC8E8008438C4 /* collectible.cpp */ = {isa = PBXFileReference; fileEncoding = 4; lastKnownFileType = sourcecode.cpp.cpp; path = collectible.cpp; sourceTree = "<group>"; };
		ADD6A49B18BAC905008438C4 /* collectible.h */ = {isa = PBXFileReference; fileEncoding = 4; lastKnownFileType = sourcecode.c.h; path = collectible.h; sourceTree = "<group>"; };
		ADD6A49C18BAC905008438C4 /* obstacle.h */ = {isa = PBXFileReference; fileEncoding = 4; lastKnownFileType = sourcecode.c.h; path = obstacle.h; sourceTree = "<group>"; };
		ADD6A49D18BACE39008438C4 /* collision_handler.cpp */ = {isa = PBXFileReference; fileEncoding = 4; lastKnownFileType = sourcecode.cpp.cpp; path = collision_handler.cpp; sourceTree = "<group>"; };
		ADD6A4A018BACE51008438C4 /* collision_handler.h */ = {isa = PBXFileReference; fileEncoding = 4; lastKnownFileType = sourcecode.c.h; path = collision_handler.h; sourceTree = "<group>"; };
		ADD6A4A118BAD8E3008438C4 /* stage.h */ = {isa = PBXFileReference; lastKnownFileType = sourcecode.c.h; path = stage.h; sourceTree = "<group>"; };
		ADD6A4A218BAD8EF008438C4 /* stage.cpp */ = {isa = PBXFileReference; fileEncoding = 4; lastKnownFileType = sourcecode.cpp.cpp; path = stage.cpp; sourceTree = "<group>"; };
		ADD6A4A518BAE3B6008438C4 /* rectangle.h */ = {isa = PBXFileReference; lastKnownFileType = sourcecode.c.h; path = rectangle.h; sourceTree = "<group>"; };
		ADD6A4A618BAE3C2008438C4 /* rectangle.cpp */ = {isa = PBXFileReference; fileEncoding = 4; lastKnownFileType = sourcecode.cpp.cpp; path = rectangle.cpp; sourceTree = "<group>"; };
		ADD6A4ED18BB0323008438C4 /* BUGS.txt */ = {isa = PBXFileReference; fileEncoding = 4; lastKnownFileType = text; path = BUGS.txt; sourceTree = "<group>"; };
		ADD6A4EE18BB0323008438C4 /* COPYING.txt */ = {isa = PBXFileReference; fileEncoding = 4; lastKnownFileType = text; path = COPYING.txt; sourceTree = "<group>"; };
		ADD6A4F018BB0323008438C4 /* begin_code.h */ = {isa = PBXFileReference; fileEncoding = 4; lastKnownFileType = sourcecode.c.h; path = begin_code.h; sourceTree = "<group>"; };
		ADD6A4F118BB0323008438C4 /* close_code.h */ = {isa = PBXFileReference; fileEncoding = 4; lastKnownFileType = sourcecode.c.h; path = close_code.h; sourceTree = "<group>"; };
		ADD6A4F218BB0323008438C4 /* SDL.h */ = {isa = PBXFileReference; fileEncoding = 4; lastKnownFileType = sourcecode.c.h; path = SDL.h; sourceTree = "<group>"; };
		ADD6A4F318BB0323008438C4 /* SDL_assert.h */ = {isa = PBXFileReference; fileEncoding = 4; lastKnownFileType = sourcecode.c.h; path = SDL_assert.h; sourceTree = "<group>"; };
		ADD6A4F418BB0323008438C4 /* SDL_atomic.h */ = {isa = PBXFileReference; fileEncoding = 4; lastKnownFileType = sourcecode.c.h; path = SDL_atomic.h; sourceTree = "<group>"; };
		ADD6A4F518BB0323008438C4 /* SDL_audio.h */ = {isa = PBXFileReference; fileEncoding = 4; lastKnownFileType = sourcecode.c.h; path = SDL_audio.h; sourceTree = "<group>"; };
		ADD6A4F618BB0323008438C4 /* SDL_bits.h */ = {isa = PBXFileReference; fileEncoding = 4; lastKnownFileType = sourcecode.c.h; path = SDL_bits.h; sourceTree = "<group>"; };
		ADD6A4F718BB0323008438C4 /* SDL_blendmode.h */ = {isa = PBXFileReference; fileEncoding = 4; lastKnownFileType = sourcecode.c.h; path = SDL_blendmode.h; sourceTree = "<group>"; };
		ADD6A4F818BB0323008438C4 /* SDL_clipboard.h */ = {isa = PBXFileReference; fileEncoding = 4; lastKnownFileType = sourcecode.c.h; path = SDL_clipboard.h; sourceTree = "<group>"; };
		ADD6A4F918BB0323008438C4 /* SDL_config.h */ = {isa = PBXFileReference; fileEncoding = 4; lastKnownFileType = sourcecode.c.h; path = SDL_config.h; sourceTree = "<group>"; };
		ADD6A4FA18BB0323008438C4 /* SDL_cpuinfo.h */ = {isa = PBXFileReference; fileEncoding = 4; lastKnownFileType = sourcecode.c.h; path = SDL_cpuinfo.h; sourceTree = "<group>"; };
		ADD6A4FB18BB0323008438C4 /* SDL_endian.h */ = {isa = PBXFileReference; fileEncoding = 4; lastKnownFileType = sourcecode.c.h; path = SDL_endian.h; sourceTree = "<group>"; };
		ADD6A4FC18BB0323008438C4 /* SDL_error.h */ = {isa = PBXFileReference; fileEncoding = 4; lastKnownFileType = sourcecode.c.h; path = SDL_error.h; sourceTree = "<group>"; };
		ADD6A4FD18BB0323008438C4 /* SDL_events.h */ = {isa = PBXFileReference; fileEncoding = 4; lastKnownFileType = sourcecode.c.h; path = SDL_events.h; sourceTree = "<group>"; };
		ADD6A4FE18BB0323008438C4 /* SDL_filesystem.h */ = {isa = PBXFileReference; fileEncoding = 4; lastKnownFileType = sourcecode.c.h; path = SDL_filesystem.h; sourceTree = "<group>"; };
		ADD6A4FF18BB0323008438C4 /* SDL_gamecontroller.h */ = {isa = PBXFileReference; fileEncoding = 4; lastKnownFileType = sourcecode.c.h; path = SDL_gamecontroller.h; sourceTree = "<group>"; };
		ADD6A50018BB0323008438C4 /* SDL_gesture.h */ = {isa = PBXFileReference; fileEncoding = 4; lastKnownFileType = sourcecode.c.h; path = SDL_gesture.h; sourceTree = "<group>"; };
		ADD6A50118BB0323008438C4 /* SDL_haptic.h */ = {isa = PBXFileReference; fileEncoding = 4; lastKnownFileType = sourcecode.c.h; path = SDL_haptic.h; sourceTree = "<group>"; };
		ADD6A50218BB0323008438C4 /* SDL_hints.h */ = {isa = PBXFileReference; fileEncoding = 4; lastKnownFileType = sourcecode.c.h; path = SDL_hints.h; sourceTree = "<group>"; };
		ADD6A50318BB0323008438C4 /* SDL_image.h */ = {isa = PBXFileReference; fileEncoding = 4; lastKnownFileType = sourcecode.c.h; path = SDL_image.h; sourceTree = "<group>"; };
		ADD6A50418BB0323008438C4 /* SDL_joystick.h */ = {isa = PBXFileReference; fileEncoding = 4; lastKnownFileType = sourcecode.c.h; path = SDL_joystick.h; sourceTree = "<group>"; };
		ADD6A50518BB0323008438C4 /* SDL_keyboard.h */ = {isa = PBXFileReference; fileEncoding = 4; lastKnownFileType = sourcecode.c.h; path = SDL_keyboard.h; sourceTree = "<group>"; };
		ADD6A50618BB0323008438C4 /* SDL_keycode.h */ = {isa = PBXFileReference; fileEncoding = 4; lastKnownFileType = sourcecode.c.h; path = SDL_keycode.h; sourceTree = "<group>"; };
		ADD6A50718BB0323008438C4 /* SDL_loadso.h */ = {isa = PBXFileReference; fileEncoding = 4; lastKnownFileType = sourcecode.c.h; path = SDL_loadso.h; sourceTree = "<group>"; };
		ADD6A50818BB0323008438C4 /* SDL_log.h */ = {isa = PBXFileReference; fileEncoding = 4; lastKnownFileType = sourcecode.c.h; path = SDL_log.h; sourceTree = "<group>"; };
		ADD6A50918BB0323008438C4 /* SDL_main.h */ = {isa = PBXFileReference; fileEncoding = 4; lastKnownFileType = sourcecode.c.h; path = SDL_main.h; sourceTree = "<group>"; };
		ADD6A50A18BB0323008438C4 /* SDL_messagebox.h */ = {isa = PBXFileReference; fileEncoding = 4; lastKnownFileType = sourcecode.c.h; path = SDL_messagebox.h; sourceTree = "<group>"; };
		ADD6A50B18BB0323008438C4 /* SDL_mouse.h */ = {isa = PBXFileReference; fileEncoding = 4; lastKnownFileType = sourcecode.c.h; path = SDL_mouse.h; sourceTree = "<group>"; };
		ADD6A50C18BB0323008438C4 /* SDL_mutex.h */ = {isa = PBXFileReference; fileEncoding = 4; lastKnownFileType = sourcecode.c.h; path = SDL_mutex.h; sourceTree = "<group>"; };
		ADD6A50D18BB0323008438C4 /* SDL_name.h */ = {isa = PBXFileReference; fileEncoding = 4; lastKnownFileType = sourcecode.c.h; path = SDL_name.h; sourceTree = "<group>"; };
		ADD6A50E18BB0323008438C4 /* SDL_opengl.h */ = {isa = PBXFileReference; fileEncoding = 4; lastKnownFileType = sourcecode.c.h; path = SDL_opengl.h; sourceTree = "<group>"; };
		ADD6A50F18BB0323008438C4 /* SDL_opengles.h */ = {isa = PBXFileReference; fileEncoding = 4; lastKnownFileType = sourcecode.c.h; path = SDL_opengles.h; sourceTree = "<group>"; };
		ADD6A51018BB0323008438C4 /* SDL_opengles2.h */ = {isa = PBXFileReference; fileEncoding = 4; lastKnownFileType = sourcecode.c.h; path = SDL_opengles2.h; sourceTree = "<group>"; };
		ADD6A51118BB0323008438C4 /* SDL_pixels.h */ = {isa = PBXFileReference; fileEncoding = 4; lastKnownFileType = sourcecode.c.h; path = SDL_pixels.h; sourceTree = "<group>"; };
		ADD6A51218BB0323008438C4 /* SDL_platform.h */ = {isa = PBXFileReference; fileEncoding = 4; lastKnownFileType = sourcecode.c.h; path = SDL_platform.h; sourceTree = "<group>"; };
		ADD6A51318BB0323008438C4 /* SDL_power.h */ = {isa = PBXFileReference; fileEncoding = 4; lastKnownFileType = sourcecode.c.h; path = SDL_power.h; sourceTree = "<group>"; };
		ADD6A51418BB0323008438C4 /* SDL_quit.h */ = {isa = PBXFileReference; fileEncoding = 4; lastKnownFileType = sourcecode.c.h; path = SDL_quit.h; sourceTree = "<group>"; };
		ADD6A51518BB0323008438C4 /* SDL_rect.h */ = {isa = PBXFileReference; fileEncoding = 4; lastKnownFileType = sourcecode.c.h; path = SDL_rect.h; sourceTree = "<group>"; };
		ADD6A51618BB0323008438C4 /* SDL_render.h */ = {isa = PBXFileReference; fileEncoding = 4; lastKnownFileType = sourcecode.c.h; path = SDL_render.h; sourceTree = "<group>"; };
		ADD6A51718BB0323008438C4 /* SDL_revision.h */ = {isa = PBXFileReference; fileEncoding = 4; lastKnownFileType = sourcecode.c.h; path = SDL_revision.h; sourceTree = "<group>"; };
		ADD6A51818BB0323008438C4 /* SDL_rwops.h */ = {isa = PBXFileReference; fileEncoding = 4; lastKnownFileType = sourcecode.c.h; path = SDL_rwops.h; sourceTree = "<group>"; };
		ADD6A51918BB0323008438C4 /* SDL_scancode.h */ = {isa = PBXFileReference; fileEncoding = 4; lastKnownFileType = sourcecode.c.h; path = SDL_scancode.h; sourceTree = "<group>"; };
		ADD6A51A18BB0323008438C4 /* SDL_shape.h */ = {isa = PBXFileReference; fileEncoding = 4; lastKnownFileType = sourcecode.c.h; path = SDL_shape.h; sourceTree = "<group>"; };
		ADD6A51B18BB0323008438C4 /* SDL_stdinc.h */ = {isa = PBXFileReference; fileEncoding = 4; lastKnownFileType = sourcecode.c.h; path = SDL_stdinc.h; sourceTree = "<group>"; };
		ADD6A51C18BB0323008438C4 /* SDL_surface.h */ = {isa = PBXFileReference; fileEncoding = 4; lastKnownFileType = sourcecode.c.h; path = SDL_surface.h; sourceTree = "<group>"; };
		ADD6A51D18BB0323008438C4 /* SDL_system.h */ = {isa = PBXFileReference; fileEncoding = 4; lastKnownFileType = sourcecode.c.h; path = SDL_system.h; sourceTree = "<group>"; };
		ADD6A51E18BB0323008438C4 /* SDL_syswm.h */ = {isa = PBXFileReference; fileEncoding = 4; lastKnownFileType = sourcecode.c.h; path = SDL_syswm.h; sourceTree = "<group>"; };
		ADD6A51F18BB0323008438C4 /* SDL_test.h */ = {isa = PBXFileReference; fileEncoding = 4; lastKnownFileType = sourcecode.c.h; path = SDL_test.h; sourceTree = "<group>"; };
		ADD6A52018BB0323008438C4 /* SDL_test_assert.h */ = {isa = PBXFileReference; fileEncoding = 4; lastKnownFileType = sourcecode.c.h; path = SDL_test_assert.h; sourceTree = "<group>"; };
		ADD6A52118BB0323008438C4 /* SDL_test_common.h */ = {isa = PBXFileReference; fileEncoding = 4; lastKnownFileType = sourcecode.c.h; path = SDL_test_common.h; sourceTree = "<group>"; };
		ADD6A52218BB0323008438C4 /* SDL_test_compare.h */ = {isa = PBXFileReference; fileEncoding = 4; lastKnownFileType = sourcecode.c.h; path = SDL_test_compare.h; sourceTree = "<group>"; };
		ADD6A52318BB0323008438C4 /* SDL_test_crc32.h */ = {isa = PBXFileReference; fileEncoding = 4; lastKnownFileType = sourcecode.c.h; path = SDL_test_crc32.h; sourceTree = "<group>"; };
		ADD6A52418BB0323008438C4 /* SDL_test_font.h */ = {isa = PBXFileReference; fileEncoding = 4; lastKnownFileType = sourcecode.c.h; path = SDL_test_font.h; sourceTree = "<group>"; };
		ADD6A52518BB0323008438C4 /* SDL_test_fuzzer.h */ = {isa = PBXFileReference; fileEncoding = 4; lastKnownFileType = sourcecode.c.h; path = SDL_test_fuzzer.h; sourceTree = "<group>"; };
		ADD6A52618BB0323008438C4 /* SDL_test_harness.h */ = {isa = PBXFileReference; fileEncoding = 4; lastKnownFileType = sourcecode.c.h; path = SDL_test_harness.h; sourceTree = "<group>"; };
		ADD6A52718BB0323008438C4 /* SDL_test_images.h */ = {isa = PBXFileReference; fileEncoding = 4; lastKnownFileType = sourcecode.c.h; path = SDL_test_images.h; sourceTree = "<group>"; };
		ADD6A52818BB0323008438C4 /* SDL_test_log.h */ = {isa = PBXFileReference; fileEncoding = 4; lastKnownFileType = sourcecode.c.h; path = SDL_test_log.h; sourceTree = "<group>"; };
		ADD6A52918BB0323008438C4 /* SDL_test_md5.h */ = {isa = PBXFileReference; fileEncoding = 4; lastKnownFileType = sourcecode.c.h; path = SDL_test_md5.h; sourceTree = "<group>"; };
		ADD6A52A18BB0323008438C4 /* SDL_test_random.h */ = {isa = PBXFileReference; fileEncoding = 4; lastKnownFileType = sourcecode.c.h; path = SDL_test_random.h; sourceTree = "<group>"; };
		ADD6A52B18BB0323008438C4 /* SDL_thread.h */ = {isa = PBXFileReference; fileEncoding = 4; lastKnownFileType = sourcecode.c.h; path = SDL_thread.h; sourceTree = "<group>"; };
		ADD6A52C18BB0323008438C4 /* SDL_timer.h */ = {isa = PBXFileReference; fileEncoding = 4; lastKnownFileType = sourcecode.c.h; path = SDL_timer.h; sourceTree = "<group>"; };
		ADD6A52D18BB0323008438C4 /* SDL_touch.h */ = {isa = PBXFileReference; fileEncoding = 4; lastKnownFileType = sourcecode.c.h; path = SDL_touch.h; sourceTree = "<group>"; };
		ADD6A52E18BB0323008438C4 /* SDL_ttf.h */ = {isa = PBXFileReference; fileEncoding = 4; lastKnownFileType = sourcecode.c.h; path = SDL_ttf.h; sourceTree = "<group>"; };
		ADD6A52F18BB0323008438C4 /* SDL_types.h */ = {isa = PBXFileReference; fileEncoding = 4; lastKnownFileType = sourcecode.c.h; path = SDL_types.h; sourceTree = "<group>"; };
		ADD6A53018BB0323008438C4 /* SDL_version.h */ = {isa = PBXFileReference; fileEncoding = 4; lastKnownFileType = sourcecode.c.h; path = SDL_version.h; sourceTree = "<group>"; };
		ADD6A53118BB0323008438C4 /* SDL_video.h */ = {isa = PBXFileReference; fileEncoding = 4; lastKnownFileType = sourcecode.c.h; path = SDL_video.h; sourceTree = "<group>"; };
		ADD6A55D18BB0323008438C4 /* README-SDL.txt */ = {isa = PBXFileReference; fileEncoding = 4; lastKnownFileType = text; path = "README-SDL.txt"; sourceTree = "<group>"; };
		ADD6A55E18BB0323008438C4 /* README.txt */ = {isa = PBXFileReference; fileEncoding = 4; lastKnownFileType = text; path = README.txt; sourceTree = "<group>"; };
		ADD6A55F18BB0323008438C4 /* WhatsNew.txt */ = {isa = PBXFileReference; fileEncoding = 4; lastKnownFileType = text; path = WhatsNew.txt; sourceTree = "<group>"; };
		ADD6A56B18BB0531008438C4 /* SDL2.framework */ = {isa = PBXFileReference; lastKnownFileType = wrapper.framework; path = SDL2.framework; sourceTree = "<group>"; };
		ADD6A56D18BB22D6008438C4 /* event.h */ = {isa = PBXFileReference; lastKnownFileType = sourcecode.c.h; path = event.h; sourceTree = "<group>"; };
		ADD6A56E18BB22E0008438C4 /* event.cpp */ = {isa = PBXFileReference; fileEncoding = 4; lastKnownFileType = sourcecode.cpp.cpp; path = event.cpp; sourceTree = "<group>"; };
		ADD6A57118BC7D1E008438C4 /* base_entity.h */ = {isa = PBXFileReference; fileEncoding = 4; lastKnownFileType = sourcecode.c.h; path = base_entity.h; sourceTree = "<group>"; };
		ADD6A57218BC7D1E008438C4 /* event_dispatcher.h */ = {isa = PBXFileReference; fileEncoding = 4; lastKnownFileType = sourcecode.c.h; path = event_dispatcher.h; sourceTree = "<group>"; };
		ADD6A57318BC7D36008438C4 /* event_dispatcher.cpp */ = {isa = PBXFileReference; fileEncoding = 4; lastKnownFileType = sourcecode.cpp.cpp; path = event_dispatcher.cpp; sourceTree = "<group>"; };
		ADD6A57618BD8984008438C4 /* renderable.h */ = {isa = PBXFileReference; fileEncoding = 4; lastKnownFileType = sourcecode.c.h; path = renderable.h; sourceTree = "<group>"; };
		ADD6A57818BD8999008438C4 /* renderable.cpp */ = {isa = PBXFileReference; fileEncoding = 4; lastKnownFileType = sourcecode.cpp.cpp; path = renderable.cpp; sourceTree = "<group>"; };
		ADD6A57C18BD8A27008438C4 /* sprite.h */ = {isa = PBXFileReference; fileEncoding = 4; lastKnownFileType = sourcecode.c.h; path = sprite.h; sourceTree = "<group>"; };
		ADD6A57E18BD8B0B008438C4 /* sprite.cpp */ = {isa = PBXFileReference; fileEncoding = 4; lastKnownFileType = sourcecode.cpp.cpp; path = sprite.cpp; sourceTree = "<group>"; };
		ADD6A58318BD8F0D008438C4 /* SDL2_image.framework */ = {isa = PBXFileReference; lastKnownFileType = wrapper.framework; path = SDL2_image.framework; sourceTree = "<group>"; };
/* End PBXFileReference section */

/* Begin PBXFrameworksBuildPhase section */
		ADB9EAEF18BA9854008465B5 /* Frameworks */ = {
			isa = PBXFrameworksBuildPhase;
			buildActionMask = 2147483647;
			files = (
				ADD6A56C18BB0531008438C4 /* SDL2.framework in Frameworks */,
				ADD6A58418BD8F0D008438C4 /* SDL2_image.framework in Frameworks */,
			);
			runOnlyForDeploymentPostprocessing = 0;
		};
/* End PBXFrameworksBuildPhase section */

/* Begin PBXGroup section */
		ADB9EAE918BA9854008465B5 = {
			isa = PBXGroup;
			children = (
				ADD6A58F18BDBF6D008438C4 /* assets */,
				ADD6A4EC18BB0323008438C4 /* SDL2 */,
				ADB9EB0718BA9975008465B5 /* include */,
				ADB9EAFE18BA9870008465B5 /* src */,
				ADB9EAF418BA9854008465B5 /* mac */,
				ADB9EAF318BA9854008465B5 /* Products */,
			);
			sourceTree = "<group>";
		};
		ADB9EAF318BA9854008465B5 /* Products */ = {
			isa = PBXGroup;
			children = (
				ADB9EAF218BA9854008465B5 /* mac */,
			);
			name = Products;
			sourceTree = "<group>";
		};
		ADB9EAF418BA9854008465B5 /* mac */ = {
			isa = PBXGroup;
			children = (
				ADB9EAF718BA9854008465B5 /* mac.1 */,
			);
			path = mac;
			sourceTree = "<group>";
		};
		ADB9EAFE18BA9870008465B5 /* src */ = {
			isa = PBXGroup;
			children = (
				ADD6A57318BC7D36008438C4 /* event_dispatcher.cpp */,
				ADD6A47F18BAC4DC008438C4 /* spelling_bum.cpp */,
				ADD6A48018BAC4DC008438C4 /* wrapper_factory.cpp */,
				ADB9EAFF18BA9870008465B5 /* bum.cpp */,
				ADB9EB0018BA9870008465B5 /* camera.cpp */,
				ADB9EB0218BA9870008465B5 /* sdl_wrapper.cpp */,
				ADB9EB0D18BA99B1008465B5 /* main.cpp */,
				ADD6A47918BAB4E1008438C4 /* actor.cpp */,
				ADD6A48518BAC5C3008438C4 /* input_handler.cpp */,
				ADD6A48918BAC799008438C4 /* obstacle_handler.cpp */,
				ADD6A48C18BAC7A9008438C4 /* collectible_handler.cpp */,
				ADD6A48F18BAC7B8008438C4 /* score_board.cpp */,
				ADD6A49518BAC8D6008438C4 /* obstacle.cpp */,
				ADD6A49818BAC8E8008438C4 /* collectible.cpp */,
				ADD6A49D18BACE39008438C4 /* collision_handler.cpp */,
				ADD6A4A218BAD8EF008438C4 /* stage.cpp */,
				ADD6A4A618BAE3C2008438C4 /* rectangle.cpp */,
				ADD6A56E18BB22E0008438C4 /* event.cpp */,
				ADD6A57818BD8999008438C4 /* renderable.cpp */,
				ADD6A57E18BD8B0B008438C4 /* sprite.cpp */,
				AD99E48518C450C9000351DB /* clips_controller.cpp */,
			);
			name = src;
			path = ../src;
			sourceTree = "<group>";
		};
		ADB9EB0718BA9975008465B5 /* include */ = {
			isa = PBXGroup;
			children = (
				ADD6A57118BC7D1E008438C4 /* base_entity.h */,
				ADD6A57218BC7D1E008438C4 /* event_dispatcher.h */,
				ADD6A4A018BACE51008438C4 /* collision_handler.h */,
				ADD6A49B18BAC905008438C4 /* collectible.h */,
				ADD6A49C18BAC905008438C4 /* obstacle.h */,
				ADD6A49218BAC7DF008438C4 /* collectible_handler.h */,
				ADD6A49318BAC7DF008438C4 /* obstacle_handler.h */,
				ADD6A49418BAC7DF008438C4 /* score_board.h */,
				ADD6A48818BAC5F4008438C4 /* input_handler.h */,
				ADB9EB0818BA9975008465B5 /* actor.h */,
				ADB9EB0918BA9975008465B5 /* bum.h */,
				ADB9EB0A18BA9975008465B5 /* camera.h */,
				ADB9EB0B18BA9975008465B5 /* game.h */,
				ADB9EB0C18BA9975008465B5 /* sdl_wrapper.h */,
				ADB9EB1118BA9DE5008465B5 /* spelling_bum.h */,
				ADB9EB1418BAA5BC008465B5 /* wrapper_factory.h */,
				ADB9EB1718BAA67A008465B5 /* lib_wrapper.h */,
				ADD6A47818BAB30D008438C4 /* game_config.h */,
				ADD6A4A118BAD8E3008438C4 /* stage.h */,
				ADD6A4A518BAE3B6008438C4 /* rectangle.h */,
				ADD6A56D18BB22D6008438C4 /* event.h */,
				ADD6A57618BD8984008438C4 /* renderable.h */,
				ADD6A57C18BD8A27008438C4 /* sprite.h */,
				AD99E48318C450BF000351DB /* clips_controller.h */,
			);
			name = include;
			path = ../include;
			sourceTree = "<group>";
		};
		ADD6A4EC18BB0323008438C4 /* SDL2 */ = {
			isa = PBXGroup;
			children = (
				ADD6A56A18BB0531008438C4 /* lib-mac */,
				ADD6A4ED18BB0323008438C4 /* BUGS.txt */,
				ADD6A4EE18BB0323008438C4 /* COPYING.txt */,
				ADD6A4EF18BB0323008438C4 /* include */,
				ADD6A55D18BB0323008438C4 /* README-SDL.txt */,
				ADD6A55E18BB0323008438C4 /* README.txt */,
				ADD6A55F18BB0323008438C4 /* WhatsNew.txt */,
			);
			name = SDL2;
			path = ../ext/SDL2;
			sourceTree = "<group>";
		};
		ADD6A4EF18BB0323008438C4 /* include */ = {
			isa = PBXGroup;
			children = (
				ADD6A4F018BB0323008438C4 /* begin_code.h */,
				ADD6A4F118BB0323008438C4 /* close_code.h */,
				ADD6A4F218BB0323008438C4 /* SDL.h */,
				ADD6A4F318BB0323008438C4 /* SDL_assert.h */,
				ADD6A4F418BB0323008438C4 /* SDL_atomic.h */,
				ADD6A4F518BB0323008438C4 /* SDL_audio.h */,
				ADD6A4F618BB0323008438C4 /* SDL_bits.h */,
				ADD6A4F718BB0323008438C4 /* SDL_blendmode.h */,
				ADD6A4F818BB0323008438C4 /* SDL_clipboard.h */,
				ADD6A4F918BB0323008438C4 /* SDL_config.h */,
				ADD6A4FA18BB0323008438C4 /* SDL_cpuinfo.h */,
				ADD6A4FB18BB0323008438C4 /* SDL_endian.h */,
				ADD6A4FC18BB0323008438C4 /* SDL_error.h */,
				ADD6A4FD18BB0323008438C4 /* SDL_events.h */,
				ADD6A4FE18BB0323008438C4 /* SDL_filesystem.h */,
				ADD6A4FF18BB0323008438C4 /* SDL_gamecontroller.h */,
				ADD6A50018BB0323008438C4 /* SDL_gesture.h */,
				ADD6A50118BB0323008438C4 /* SDL_haptic.h */,
				ADD6A50218BB0323008438C4 /* SDL_hints.h */,
				ADD6A50318BB0323008438C4 /* SDL_image.h */,
				ADD6A50418BB0323008438C4 /* SDL_joystick.h */,
				ADD6A50518BB0323008438C4 /* SDL_keyboard.h */,
				ADD6A50618BB0323008438C4 /* SDL_keycode.h */,
				ADD6A50718BB0323008438C4 /* SDL_loadso.h */,
				ADD6A50818BB0323008438C4 /* SDL_log.h */,
				ADD6A50918BB0323008438C4 /* SDL_main.h */,
				ADD6A50A18BB0323008438C4 /* SDL_messagebox.h */,
				ADD6A50B18BB0323008438C4 /* SDL_mouse.h */,
				ADD6A50C18BB0323008438C4 /* SDL_mutex.h */,
				ADD6A50D18BB0323008438C4 /* SDL_name.h */,
				ADD6A50E18BB0323008438C4 /* SDL_opengl.h */,
				ADD6A50F18BB0323008438C4 /* SDL_opengles.h */,
				ADD6A51018BB0323008438C4 /* SDL_opengles2.h */,
				ADD6A51118BB0323008438C4 /* SDL_pixels.h */,
				ADD6A51218BB0323008438C4 /* SDL_platform.h */,
				ADD6A51318BB0323008438C4 /* SDL_power.h */,
				ADD6A51418BB0323008438C4 /* SDL_quit.h */,
				ADD6A51518BB0323008438C4 /* SDL_rect.h */,
				ADD6A51618BB0323008438C4 /* SDL_render.h */,
				ADD6A51718BB0323008438C4 /* SDL_revision.h */,
				ADD6A51818BB0323008438C4 /* SDL_rwops.h */,
				ADD6A51918BB0323008438C4 /* SDL_scancode.h */,
				ADD6A51A18BB0323008438C4 /* SDL_shape.h */,
				ADD6A51B18BB0323008438C4 /* SDL_stdinc.h */,
				ADD6A51C18BB0323008438C4 /* SDL_surface.h */,
				ADD6A51D18BB0323008438C4 /* SDL_system.h */,
				ADD6A51E18BB0323008438C4 /* SDL_syswm.h */,
				ADD6A51F18BB0323008438C4 /* SDL_test.h */,
				ADD6A52018BB0323008438C4 /* SDL_test_assert.h */,
				ADD6A52118BB0323008438C4 /* SDL_test_common.h */,
				ADD6A52218BB0323008438C4 /* SDL_test_compare.h */,
				ADD6A52318BB0323008438C4 /* SDL_test_crc32.h */,
				ADD6A52418BB0323008438C4 /* SDL_test_font.h */,
				ADD6A52518BB0323008438C4 /* SDL_test_fuzzer.h */,
				ADD6A52618BB0323008438C4 /* SDL_test_harness.h */,
				ADD6A52718BB0323008438C4 /* SDL_test_images.h */,
				ADD6A52818BB0323008438C4 /* SDL_test_log.h */,
				ADD6A52918BB0323008438C4 /* SDL_test_md5.h */,
				ADD6A52A18BB0323008438C4 /* SDL_test_random.h */,
				ADD6A52B18BB0323008438C4 /* SDL_thread.h */,
				ADD6A52C18BB0323008438C4 /* SDL_timer.h */,
				ADD6A52D18BB0323008438C4 /* SDL_touch.h */,
				ADD6A52E18BB0323008438C4 /* SDL_ttf.h */,
				ADD6A52F18BB0323008438C4 /* SDL_types.h */,
				ADD6A53018BB0323008438C4 /* SDL_version.h */,
				ADD6A53118BB0323008438C4 /* SDL_video.h */,
			);
			path = include;
			sourceTree = "<group>";
		};
		ADD6A56A18BB0531008438C4 /* lib-mac */ = {
			isa = PBXGroup;
			children = (
				ADD6A58318BD8F0D008438C4 /* SDL2_image.framework */,
				ADD6A56B18BB0531008438C4 /* SDL2.framework */,
			);
			path = "lib-mac";
			sourceTree = "<group>";
		};
		ADD6A58F18BDBF6D008438C4 /* assets */ = {
			isa = PBXGroup;
			children = (
				AD35C06018BDDF1C00D87537 /* bum.png */,
				AD35C05B18BDDCB000D87537 /* obstacle.png */,
			);
			name = assets;
			path = ../assets;
			sourceTree = "<group>";
		};
/* End PBXGroup section */

/* Begin PBXNativeTarget section */
		ADB9EAF118BA9854008465B5 /* mac */ = {
			isa = PBXNativeTarget;
			buildConfigurationList = ADB9EAFB18BA9854008465B5 /* Build configuration list for PBXNativeTarget "mac" */;
			buildPhases = (
				ADB9EAEE18BA9854008465B5 /* Sources */,
				ADB9EAEF18BA9854008465B5 /* Frameworks */,
				ADB9EAF018BA9854008465B5 /* Copy Files */,
			);
			buildRules = (
			);
			dependencies = (
			);
			name = mac;
			productName = mac;
			productReference = ADB9EAF218BA9854008465B5 /* mac */;
			productType = "com.apple.product-type.tool";
		};
/* End PBXNativeTarget section */

/* Begin PBXProject section */
		ADB9EAEA18BA9854008465B5 /* Project object */ = {
			isa = PBXProject;
			attributes = {
				LastUpgradeCheck = 0500;
				ORGANIZATIONNAME = "Suhas Phand";
			};
			buildConfigurationList = ADB9EAED18BA9854008465B5 /* Build configuration list for PBXProject "mac" */;
			compatibilityVersion = "Xcode 3.2";
			developmentRegion = English;
			hasScannedForEncodings = 0;
			knownRegions = (
				en,
			);
			mainGroup = ADB9EAE918BA9854008465B5;
			productRefGroup = ADB9EAF318BA9854008465B5 /* Products */;
			projectDirPath = "";
			projectRoot = "";
			targets = (
				ADB9EAF118BA9854008465B5 /* mac */,
			);
		};
/* End PBXProject section */

/* Begin PBXSourcesBuildPhase section */
		ADB9EAEE18BA9854008465B5 /* Sources */ = {
			isa = PBXSourcesBuildPhase;
			buildActionMask = 2147483647;
			files = (
				AD99E48718C450C9000351DB /* clips_controller.cpp in Sources */,
				ADB9EB0318BA9870008465B5 /* bum.cpp in Sources */,
				ADD6A48218BAC4DC008438C4 /* wrapper_factory.cpp in Sources */,
				ADB9EB0418BA9870008465B5 /* camera.cpp in Sources */,
				ADB9EB0618BA9870008465B5 /* sdl_wrapper.cpp in Sources */,
				ADD6A49A18BAC8E8008438C4 /* collectible.cpp in Sources */,
				ADD6A49F18BACE39008438C4 /* collision_handler.cpp in Sources */,
				ADD6A4A818BAE3C2008438C4 /* rectangle.cpp in Sources */,
				ADD6A57A18BD8999008438C4 /* renderable.cpp in Sources */,
				ADD6A48118BAC4DC008438C4 /* spelling_bum.cpp in Sources */,
				ADD6A48E18BAC7A9008438C4 /* collectible_handler.cpp in Sources */,
				ADD6A49718BAC8D6008438C4 /* obstacle.cpp in Sources */,
				ADD6A49118BAC7B8008438C4 /* score_board.cpp in Sources */,
				ADD6A48B18BAC799008438C4 /* obstacle_handler.cpp in Sources */,
				ADD6A57418BC7D36008438C4 /* event_dispatcher.cpp in Sources */,
				ADD6A48718BAC5C3008438C4 /* input_handler.cpp in Sources */,
				ADD6A47B18BAB4E1008438C4 /* actor.cpp in Sources */,
				ADD6A58018BD8B0B008438C4 /* sprite.cpp in Sources */,
				ADD6A4A418BAD8EF008438C4 /* stage.cpp in Sources */,
				ADD6A57018BB22E0008438C4 /* event.cpp in Sources */,
				ADB9EB0F18BA99B1008465B5 /* main.cpp in Sources */,
			);
			runOnlyForDeploymentPostprocessing = 0;
		};
/* End PBXSourcesBuildPhase section */

/* Begin XCBuildConfiguration section */
		ADB9EAF918BA9854008465B5 /* Debug */ = {
			isa = XCBuildConfiguration;
			buildSettings = {
				ALWAYS_SEARCH_USER_PATHS = NO;
				CLANG_CXX_LANGUAGE_STANDARD = "gnu++0x";
				CLANG_CXX_LIBRARY = "libc++";
				CLANG_ENABLE_OBJC_ARC = YES;
				CLANG_WARN_BOOL_CONVERSION = YES;
				CLANG_WARN_CONSTANT_CONVERSION = YES;
				CLANG_WARN_DIRECT_OBJC_ISA_USAGE = YES_ERROR;
				CLANG_WARN_EMPTY_BODY = YES;
				CLANG_WARN_ENUM_CONVERSION = YES;
				CLANG_WARN_INT_CONVERSION = YES;
				CLANG_WARN_OBJC_ROOT_CLASS = YES_ERROR;
				CLANG_WARN__DUPLICATE_METHOD_MATCH = YES;
				COPY_PHASE_STRIP = NO;
				GCC_C_LANGUAGE_STANDARD = gnu99;
				GCC_DYNAMIC_NO_PIC = NO;
				GCC_ENABLE_OBJC_EXCEPTIONS = YES;
				GCC_OPTIMIZATION_LEVEL = 0;
				GCC_PREPROCESSOR_DEFINITIONS = (
					"DEBUG=1",
					"$(inherited)",
				);
				GCC_SYMBOLS_PRIVATE_EXTERN = NO;
				GCC_WARN_64_TO_32_BIT_CONVERSION = YES;
				GCC_WARN_ABOUT_RETURN_TYPE = YES_ERROR;
				GCC_WARN_UNDECLARED_SELECTOR = YES;
				GCC_WARN_UNINITIALIZED_AUTOS = YES;
				GCC_WARN_UNUSED_FUNCTION = YES;
				GCC_WARN_UNUSED_VARIABLE = YES;
				MACOSX_DEPLOYMENT_TARGET = 10.9;
				ONLY_ACTIVE_ARCH = YES;
				SDKROOT = macosx;
			};
			name = Debug;
		};
		ADB9EAFA18BA9854008465B5 /* Release */ = {
			isa = XCBuildConfiguration;
			buildSettings = {
				ALWAYS_SEARCH_USER_PATHS = NO;
				CLANG_CXX_LANGUAGE_STANDARD = "gnu++0x";
				CLANG_CXX_LIBRARY = "libc++";
				CLANG_ENABLE_OBJC_ARC = YES;
				CLANG_WARN_BOOL_CONVERSION = YES;
				CLANG_WARN_CONSTANT_CONVERSION = YES;
				CLANG_WARN_DIRECT_OBJC_ISA_USAGE = YES_ERROR;
				CLANG_WARN_EMPTY_BODY = YES;
				CLANG_WARN_ENUM_CONVERSION = YES;
				CLANG_WARN_INT_CONVERSION = YES;
				CLANG_WARN_OBJC_ROOT_CLASS = YES_ERROR;
				CLANG_WARN__DUPLICATE_METHOD_MATCH = YES;
				COPY_PHASE_STRIP = YES;
				DEBUG_INFORMATION_FORMAT = "dwarf-with-dsym";
				ENABLE_NS_ASSERTIONS = NO;
				GCC_C_LANGUAGE_STANDARD = gnu99;
				GCC_ENABLE_OBJC_EXCEPTIONS = YES;
				GCC_WARN_64_TO_32_BIT_CONVERSION = YES;
				GCC_WARN_ABOUT_RETURN_TYPE = YES_ERROR;
				GCC_WARN_UNDECLARED_SELECTOR = YES;
				GCC_WARN_UNINITIALIZED_AUTOS = YES;
				GCC_WARN_UNUSED_FUNCTION = YES;
				GCC_WARN_UNUSED_VARIABLE = YES;
				MACOSX_DEPLOYMENT_TARGET = 10.9;
				SDKROOT = macosx;
			};
			name = Release;
		};
		ADB9EAFC18BA9854008465B5 /* Debug */ = {
			isa = XCBuildConfiguration;
			buildSettings = {
				FRAMEWORK_SEARCH_PATHS = (
					"$(inherited)",
					"/Users/suhas/development/src/gamedev/gamedev/ext/SDL2/lib-mac",
				);
				LIBRARY_SEARCH_PATHS = (
					"$(inherited)",
					"/Users/suhas/development/src/gamedev/gamedev/ext/SDL2/lib-win/x64",
					"/Users/suhas/development/src/gamedev/gamedev/ext/SDL2/lib-win/x86",
				);
				PRODUCT_NAME = "$(TARGET_NAME)";
			};
			name = Debug;
		};
		ADB9EAFD18BA9854008465B5 /* Release */ = {
			isa = XCBuildConfiguration;
			buildSettings = {
				FRAMEWORK_SEARCH_PATHS = (
					"$(inherited)",
					"/Users/suhas/development/src/gamedev/gamedev/ext/SDL2/lib-mac",
				);
				LIBRARY_SEARCH_PATHS = (
					"$(inherited)",
					"/Users/suhas/development/src/gamedev/gamedev/ext/SDL2/lib-win/x64",
					"/Users/suhas/development/src/gamedev/gamedev/ext/SDL2/lib-win/x86",
				);
				PRODUCT_NAME = "$(TARGET_NAME)";
			};
			name = Release;
		};
/* End XCBuildConfiguration section */

/* Begin XCConfigurationList section */
		ADB9EAED18BA9854008465B5 /* Build configuration list for PBXProject "mac" */ = {
			isa = XCConfigurationList;
			buildConfigurations = (
				ADB9EAF918BA9854008465B5 /* Debug */,
				ADB9EAFA18BA9854008465B5 /* Release */,
			);
			defaultConfigurationIsVisible = 0;
			defaultConfigurationName = Release;
		};
		ADB9EAFB18BA9854008465B5 /* Build configuration list for PBXNativeTarget "mac" */ = {
			isa = XCConfigurationList;
			buildConfigurations = (
				ADB9EAFC18BA9854008465B5 /* Debug */,
				ADB9EAFD18BA9854008465B5 /* Release */,
			);
			defaultConfigurationIsVisible = 0;
			defaultConfigurationName = Release;
		};
/* End XCConfigurationList section */
	};
	rootObject = ADB9EAEA18BA9854008465B5 /* Project object */;
}
